{
  "name": "timbel",
  "version": "1.0.0",
  "lockfileVersion": 3,
  "requires": true,
  "packages": {
    "": {
      "name": "timbel",
      "version": "1.0.0",
      "hasInstallScript": true,
      "dependencies": {
        "ogl": "^1.0.11",
        "postprocessing": "^6.39.4",
        "three": "^0.185.1"
      }
    },
    "node_modules/ogl": {
      "version": "1.0.11",
      "resolved": "https://registry.npmjs.org/ogl/-/ogl-1.0.11.tgz",
      "integrity": "sha512-kUpC154AFfxi16pmZUK4jk3J+8zxwTWGPo03EoYA8QPbzikHoaC82n6pNTbd+oEaJonaE8aPWBlX7ad9zrqLsA==",
      "license": "Unlicense"
    },
    "node_modules/postprocessing": {
      "version": "6.39.4",
      "resolved": "https://registry.npmjs.org/postprocessing/-/postprocessing-6.39.4.tgz",
      "integrity": "sha512-oAS/PjAbc/xT3OzjUrGsorJ4J064XwhVD2t0OwKLP/E8QwDMUJ0oOv6ZI1SYMtLchv4g0ySEx+JcLy92+48vlA==",
      "license": "Zlib",
      "peerDependencies": {
        "three": ">= 0.168.0 < 0.186.0"
      }
    },
    "node_modules/three": {
      "version": "0.185.1",
      "resolved": "https://registry.npmjs.org/three/-/three-0.185.1.tgz",
      "integrity": "sha512-5aojFCXKwnjBRZvUnt3WFfEcvUJgkN5LlijRFN95hMy8WVkG4I0QNcJE+OuWvuJ0bOdStrbfXn0pkd6/QyiAlg==",
      "license": "MIT"
    }
  }
}
